
Microsoft Visual Studio Solution File, Format Version 12.00
# Visual Studio 15
VisualStudioVersion = 15.0.27703.2026
MinimumVisualStudioVersion = 10.0.40219.1
Project("{FAE04EC0-301F-11D3-BF4B-00C04F79EFBC}") = "TestMSBuild.Web", "TestMSBuild.Web\TestMSBuild.Web.csproj", "{8AC39485-6FF5-4223-AB9D-7D5AA444AB47}"
EndProject
Global
	GlobalSection(SolutionConfigurationPlatforms) = preSolution
		Debug|Any CPU = Debug|Any CPU
		Release|Any CPU = Release|Any CPU
	EndGlobalSection
	GlobalSection(ProjectConfigurationPlatforms) = postSolution
		{8AC39485-6FF5-4223-AB9D-7D5AA444AB47}.Debug|Any CPU.ActiveCfg = Debug|Any CPU
		{8AC39485-6FF5-4223-AB9D-7D5AA444AB47}.Debug|Any CPU.Build.0 = Debug|Any CPU
		{8AC39485-6FF5-4223-AB9D-7D5AA444AB47}.Release|Any CPU.ActiveCfg = Release|Any CPU
		{8AC39485-6FF5-4223-AB9D-7D5AA444AB47}.Release|Any CPU.Build.0 = Release|Any CPU
	EndGlobalSection
	GlobalSection(SolutionProperties) = preSolution
		HideSolutionNode = FALSE
	EndGlobalSection
	GlobalSection(ExtensibilityGlobals) = postSolution
		SolutionGuid = {72E26689-7396-4D21-8E87-A0F79E425A34}
	EndGlobalSection
EndGlobal
